<?xml version="1.0" encoding="utf-8"?>
<Project ToolsVersion="4.0" xmlns="http://schemas.microsoft.com/developer/msbuild/2003">
  <ItemGroup>
    <Filter Include="Source Files">
      <UniqueIdentifier>{4FC737F1-C7A5-4376-A066-2A32D752A2FF}</UniqueIdentifier>
      <Extensions>cpp;c;cc;cxx;def;odl;idl;hpj;bat;asm;asmx</Extensions>
    </Filter>
    <Filter Include="Header Files">
      <UniqueIdentifier>{93995380-89BD-4b04-88EB-625FBE52EBFB}</UniqueIdentifier>
      <Extensions>h;hh;hpp;hxx;hm;inl;inc;xsd</Extensions>
    </Filter>
    <Filter Include="Resource Files">
      <UniqueIdentifier>{67DA6AB6-F800-4c08-8B7A-83BB121AAD01}</UniqueIdentifier>
      <Extensions>rc;ico;cur;bmp;dlg;rc2;rct;bin;rgs;gif;jpg;jpeg;jpe;resx;tiff;tif;png;wav;mfcribbon-ms</Extensions>
    </Filter>
  </ItemGroup>
  <ItemGroup>
    <ClInclude Include="src\Data\Const.h">
      <Filter>Header Files</Filter>
    </ClInclude>
    <ClInclude Include="src\Data\Enums.h">
      <Filter>Header Files</Filter>
    </ClInclude>
    <ClInclude Include="src\Data\Globals.h">
      <Filter>Header Files</Filter>
    </ClInclude>
    <ClInclude Include="src\Input\CInput.h">
      <Filter>Header Files</Filter>
    </ClInclude>
    <ClInclude Include="src\Input\CSDLInput.h">
      <Filter>Header Files</Filter>
    </ClInclude>
    <ClInclude Include="src\Input\CSFMLInput.h">
      <Filter>Header Files</Filter>
    </ClInclude>
    <ClInclude Include="src\Input\InputData.h">
      <Filter>Header Files</Filter>
    </ClInclude>
    <ClInclude Include="src\IO\IOFunctions.h">
      <Filter>Header Files</Filter>
    </ClInclude>
    <ClInclude Include="src\Logic\Entity\Item\CEquipped.h">
      <Filter>Header Files</Filter>
    </ClInclude>
    <ClInclude Include="src\Logic\Entity\Item\CItemManager.h">
      <Filter>Header Files</Filter>
    </ClInclude>
    <ClInclude Include="src\Logic\Entity\Item\CWeapon.h">
      <Filter>Header Files</Filter>
    </ClInclude>
    <ClInclude Include="src\Logic\Entity\Item\CWeaponAttack.h">
      <Filter>Header Files</Filter>
    </ClInclude>
    <ClInclude Include="src\Logic\Entity\Item\ItemEnums.h">
      <Filter>Header Files</Filter>
    </ClInclude>
    <ClInclude Include="src\Logic\Entity\Item\ItemWrapper.h">
      <Filter>Header Files</Filter>
    </ClInclude>
    <ClInclude Include="src\Logic\Entity\CEntity.h">
      <Filter>Header Files</Filter>
    </ClInclude>
    <ClInclude Include="src\Logic\Entity\CEntityManager.h">
      <Filter>Header Files</Filter>
    </ClInclude>
    <ClInclude Include="src\Logic\Entity\CPlayer.h">
      <Filter>Header Files</Filter>
    </ClInclude>
    <ClInclude Include="src\Logic\Entity\EntityData.h">
      <Filter>Header Files</Filter>
    </ClInclude>
    <ClInclude Include="src\Logic\Entity\EntityWrapper.h">
      <Filter>Header Files</Filter>
    </ClInclude>
    <ClInclude Include="src\Logic\GUI\CButton.h">
      <Filter>Header Files</Filter>
    </ClInclude>
    <ClInclude Include="src\Logic\GUI\CGUI.h">
      <Filter>Header Files</Filter>
    </ClInclude>
    <ClInclude Include="src\Logic\GUI\CGUIAction.h">
      <Filter>Header Files</Filter>
    </ClInclude>
    <ClInclude Include="src\Logic\GUI\CMenu.h">
      <Filter>Header Files</Filter>
    </ClInclude>
    <ClInclude Include="src\Logic\GUI\CSelectBox.h">
      <Filter>Header Files</Filter>
    </ClInclude>
    <ClInclude Include="src\Logic\GUI\CTextBox.h">
      <Filter>Header Files</Filter>
    </ClInclude>
    <ClInclude Include="src\Logic\GUI\CWidget.h">
      <Filter>Header Files</Filter>
    </ClInclude>
    <ClInclude Include="src\Logic\GUI\CWindow.h">
      <Filter>Header Files</Filter>
    </ClInclude>
    <ClInclude Include="src\Logic\GUI\EnumGui.h">
      <Filter>Header Files</Filter>
    </ClInclude>
    <ClInclude Include="src\Logic\GUI\StructsGUI.h">
      <Filter>Header Files</Filter>
    </ClInclude>
    <ClInclude Include="src\Logic\Map\CMap.h">
      <Filter>Header Files</Filter>
    </ClInclude>
    <ClInclude Include="src\Logic\Map\CMapEditor.h">
      <Filter>Header Files</Filter>
    </ClInclude>
    <ClInclude Include="src\Logic\Map\CMapInGame.h">
      <Filter>Header Files</Filter>
    </ClInclude>
    <ClInclude Include="src\Logic\Map\MapData.h">
      <Filter>Header Files</Filter>
    </ClInclude>
    <ClInclude Include="src\Logic\Physics\CCollision.h">
      <Filter>Header Files</Filter>
    </ClInclude>
    <ClInclude Include="src\Logic\Physics\CCollisionData.h">
      <Filter>Header Files</Filter>
    </ClInclude>
    <ClInclude Include="src\Logic\Physics\CMovement.h">
      <Filter>Header Files</Filter>
    </ClInclude>
    <ClInclude Include="src\Logic\Physics\CollisionFunctions.h">
      <Filter>Header Files</Filter>
    </ClInclude>
    <ClInclude Include="src\Logic\Spell\CSpell.h">
      <Filter>Header Files</Filter>
    </ClInclude>
    <ClInclude Include="src\Logic\Spell\CSpellManager.h">
      <Filter>Header Files</Filter>
    </ClInclude>
    <ClInclude Include="src\Logic\Spell\SpellData.h">
      <Filter>Header Files</Filter>
    </ClInclude>
    <ClInclude Include="src\Logic\Spell\SpellWrapper.h">
      <Filter>Header Files</Filter>
    </ClInclude>
    <ClInclude Include="src\Logic\State\CState.h">
      <Filter>Header Files</Filter>
    </ClInclude>
    <ClInclude Include="src\Logic\State\StateData.h">
      <Filter>Header Files</Filter>
    </ClInclude>
    <ClInclude Include="src\Logic\CLogic.h">
      <Filter>Header Files</Filter>
    </ClInclude>
    <ClInclude Include="src\Message\CMessage.h">
      <Filter>Header Files</Filter>
    </ClInclude>
    <ClInclude Include="src\Message\MessageData.h">
      <Filter>Header Files</Filter>
    </ClInclude>
    <ClInclude Include="src\Render\CRender.h">
      <Filter>Header Files</Filter>
    </ClInclude>
    <ClInclude Include="src\Render\CRenderManager.h">
      <Filter>Header Files</Filter>
    </ClInclude>
    <ClInclude Include="src\Render\CSDLImage.h">
      <Filter>Header Files</Filter>
    </ClInclude>
    <ClInclude Include="src\Render\CSDLRender.h">
      <Filter>Header Files</Filter>
    </ClInclude>
    <ClInclude Include="src\Render\CSFMLImage.h">
      <Filter>Header Files</Filter>
    </ClInclude>
    <ClInclude Include="src\Render\CSFMLRender.h">
      <Filter>Header Files</Filter>
    </ClInclude>
    <ClInclude Include="src\Tools\CSDLTimer.h">
      <Filter>Header Files</Filter>
    </ClInclude>
    <ClInclude Include="src\Tools\debug.h">
      <Filter>Header Files</Filter>
    </ClInclude>
    <ClInclude Include="src\Tools\Functions.h">
      <Filter>Header Files</Filter>
    </ClInclude>
    <ClInclude Include="src\Tools\ITimer.h">
      <Filter>Header Files</Filter>
    </ClInclude>
    <ClInclude Include="src\Tools\Log.h">
      <Filter>Header Files</Filter>
    </ClInclude>
    <ClInclude Include="src\Tools\MessageBox.h">
      <Filter>Header Files</Filter>
    </ClInclude>
    <ClInclude Include="src\Tools\StringWrapper.h">
      <Filter>Header Files</Filter>
    </ClInclude>
    <ClInclude Include="src\CGame.h">
      <Filter>Header Files</Filter>
    </ClInclude>
    <ClInclude Include="src\Data\Defines.h">
      <Filter>Header Files</Filter>
    </ClInclude>
  </ItemGroup>
  <ItemGroup>
    <ClCompile Include="src\Data\Globals.cpp">
      <Filter>Source Files</Filter>
    </ClCompile>
    <ClCompile Include="src\Input\CInput.cpp">
      <Filter>Source Files</Filter>
    </ClCompile>
    <ClCompile Include="src\Input\CSDLInput.cpp">
      <Filter>Source Files</Filter>
    </ClCompile>
    <ClCompile Include="src\Input\CSFMLInput.cpp">
      <Filter>Source Files</Filter>
    </ClCompile>
    <ClCompile Include="src\IO\IOFunctions.cpp">
      <Filter>Source Files</Filter>
    </ClCompile>
    <ClCompile Include="src\Logic\Entity\Item\CEquipped.cpp">
      <Filter>Source Files</Filter>
    </ClCompile>
    <ClCompile Include="src\Logic\Entity\Item\CItemManager.cpp">
      <Filter>Source Files</Filter>
    </ClCompile>
    <ClCompile Include="src\Logic\Entity\Item\CWeapon.cpp">
      <Filter>Source Files</Filter>
    </ClCompile>
    <ClCompile Include="src\Logic\Entity\Item\CWeaponAttack.cpp">
      <Filter>Source Files</Filter>
    </ClCompile>
    <ClCompile Include="src\Logic\Entity\CEntity.cpp">
      <Filter>Source Files</Filter>
    </ClCompile>
    <ClCompile Include="src\Logic\Entity\CEntityManager.cpp">
      <Filter>Source Files</Filter>
    </ClCompile>
    <ClCompile Include="src\Logic\Entity\CPlayer.cpp">
      <Filter>Source Files</Filter>
    </ClCompile>
    <ClCompile Include="src\Logic\GUI\CButton.cpp">
      <Filter>Source Files</Filter>
    </ClCompile>
    <ClCompile Include="src\Logic\GUI\CGUI.cpp">
      <Filter>Source Files</Filter>
    </ClCompile>
    <ClCompile Include="src\Logic\GUI\CGUIAction.cpp">
      <Filter>Source Files</Filter>
    </ClCompile>
    <ClCompile Include="src\Logic\GUI\CMenu.cpp">
      <Filter>Source Files</Filter>
    </ClCompile>
    <ClCompile Include="src\Logic\GUI\CSelectBox.cpp">
      <Filter>Source Files</Filter>
    </ClCompile>
    <ClCompile Include="src\Logic\GUI\CTextBox.cpp">
      <Filter>Source Files</Filter>
    </ClCompile>
    <ClCompile Include="src\Logic\GUI\CWidget.cpp">
      <Filter>Source Files</Filter>
    </ClCompile>
    <ClCompile Include="src\Logic\GUI\CWindow.cpp">
      <Filter>Source Files</Filter>
    </ClCompile>
    <ClCompile Include="src\Logic\Map\CMap.cpp">
      <Filter>Source Files</Filter>
    </ClCompile>
    <ClCompile Include="src\Logic\Map\CMapEditor.cpp">
      <Filter>Source Files</Filter>
    </ClCompile>
    <ClCompile Include="src\Logic\Map\CMapInGame.cpp">
      <Filter>Source Files</Filter>
    </ClCompile>
    <ClCompile Include="src\Logic\Physics\CCollision.cpp">
      <Filter>Source Files</Filter>
    </ClCompile>
    <ClCompile Include="src\Logic\Physics\CMovement.cpp">
      <Filter>Source Files</Filter>
    </ClCompile>
    <ClCompile Include="src\Logic\Physics\CollisionFunctions.cpp">
      <Filter>Source Files</Filter>
    </ClCompile>
    <ClCompile Include="src\Logic\Spell\CSpell.cpp">
      <Filter>Source Files</Filter>
    </ClCompile>
    <ClCompile Include="src\Logic\Spell\CSpellManager.cpp">
      <Filter>Source Files</Filter>
    </ClCompile>
    <ClCompile Include="src\Logic\State\CState.cpp">
      <Filter>Source Files</Filter>
    </ClCompile>
    <ClCompile Include="src\Logic\CLogic.cpp">
      <Filter>Source Files</Filter>
    </ClCompile>
    <ClCompile Include="src\Message\CMessage.cpp">
      <Filter>Source Files</Filter>
    </ClCompile>
    <ClCompile Include="src\Render\CRender.cpp">
      <Filter>Source Files</Filter>
    </ClCompile>
    <ClCompile Include="src\Render\CRenderManager.cpp">
      <Filter>Source Files</Filter>
    </ClCompile>
    <ClCompile Include="src\Render\CSDLImage.cpp">
      <Filter>Source Files</Filter>
    </ClCompile>
    <ClCompile Include="src\Render\CSDLRender.cpp">
      <Filter>Source Files</Filter>
    </ClCompile>
    <ClCompile Include="src\Render\CSFMLImage.cpp">
      <Filter>Source Files</Filter>
    </ClCompile>
    <ClCompile Include="src\Render\CSFMLRender.cpp">
      <Filter>Source Files</Filter>
    </ClCompile>
    <ClCompile Include="src\Tools\CSDLTimer.cpp">
      <Filter>Source Files</Filter>
    </ClCompile>
    <ClCompile Include="src\Tools\Functions.cpp">
      <Filter>Source Files</Filter>
    </ClCompile>
    <ClCompile Include="src\Tools\Log.cpp">
      <Filter>Source Files</Filter>
    </ClCompile>
    <ClCompile Include="src\Tools\MessageBox.cpp">
      <Filter>Source Files</Filter>
    </ClCompile>
    <ClCompile Include="src\Tools\StringWrapper.cpp">
      <Filter>Source Files</Filter>
    </ClCompile>
    <ClCompile Include="src\CGame.cpp">
      <Filter>Source Files</Filter>
    </ClCompile>
    <ClCompile Include="src\main.cpp">
      <Filter>Source Files</Filter>
    </ClCompile>
  </ItemGroup>
</Project>